
Microsoft Visual Studio Solution File, Format Version 12.00
# Visual Studio Version 17
VisualStudioVersion = 17.5.002.0
MinimumVisualStudioVersion = 10.0.40219.1
Project("{2150E333-8FDC-42A3-9474-1A3956D46DE8}") = "src", "src", "{D5CCF83B-B774-4C93-B5B2-7007A5AF496E}"
EndProject
Project("{2150E333-8FDC-42A3-9474-1A3956D46DE8}") = "client", "client", "{D5AE5EEE-EE30-4A15-BE03-1CCE96564AF6}"
EndProject
Project("{9A19103F-16F7-4668-BE54-9A1E7A4F7556}") = "launcher", "src\client\launcher\launcher.csproj", "{94841293-4488-4788-A3B5-7FC7C6EEBFA2}"
EndProject
Project("{9A19103F-16F7-4668-BE54-9A1E7A4F7556}") = "switcher", "src\client\switcher\switcher.csproj", "{1C0E0644-F237-444D-9493-25A06B04B83E}"
EndProject
Project("{9A19103F-16F7-4668-BE54-9A1E7A4F7556}") = "symbiote", "src\client\symbiote\symbiote.csproj", "{43CAFF96-C3A7-4CBD-BA09-92B74A50CC5E}"
EndProject
Project("{2150E333-8FDC-42A3-9474-1A3956D46DE8}") = "server", "server", "{E4BE1732-5DA1-4492-87AD-8C20B7CA11FF}"
EndProject
Project("{9A19103F-16F7-4668-BE54-9A1E7A4F7556}") = "daemon", "src\server\daemon\daemon.csproj", "{D8976D16-B84B-4A18-920D-E09D52C0EE8B}"
EndProject
Project("{9A19103F-16F7-4668-BE54-9A1E7A4F7556}") = "scripts", "src\server\scripts\scripts.csproj", "{167F9CAA-5136-4506-A851-387B296D3044}"
EndProject
Project("{9A19103F-16F7-4668-BE54-9A1E7A4F7556}") = "storage", "src\server\storage\storage.csproj", "{EC0DE4E2-1291-4AEA-BB79-8D84713D96EF}"
EndProject
Project("{9A19103F-16F7-4668-BE54-9A1E7A4F7556}") = "web", "src\server\web\web.csproj", "{67239942-9B50-4193-9168-FADB65A57C23}"
EndProject
Project("{9A19103F-16F7-4668-BE54-9A1E7A4F7556}") = "world", "src\server\world\world.csproj", "{66FE4E18-CD20-494A-BF3C-7B7179C1FEF1}"
EndProject
Project("{2150E333-8FDC-42A3-9474-1A3956D46DE8}") = "shared", "shared", "{4B0AC0F4-1179-4C6C-84F5-2FA52C5F666F}"
EndProject
Project("{9A19103F-16F7-4668-BE54-9A1E7A4F7556}") = "common", "src\shared\common\common.csproj", "{36335427-EB3C-4F1C-A785-8DCFA779A88A}"
EndProject
Project("{9A19103F-16F7-4668-BE54-9A1E7A4F7556}") = "core", "src\shared\core\core.csproj", "{ED347012-C5C7-4A35-9866-A6438DE1DCAF}"
EndProject
Project("{9A19103F-16F7-4668-BE54-9A1E7A4F7556}") = "data", "src\shared\data\data.csproj", "{71BDAF7D-7F0C-4A57-AE23-83F7F330C329}"
EndProject
Project("{9A19103F-16F7-4668-BE54-9A1E7A4F7556}") = "gateway", "src\shared\gateway\gateway.csproj", "{B6C2917F-A12E-4BF0-9DF3-B7EFD256922C}"
EndProject
Project("{9A19103F-16F7-4668-BE54-9A1E7A4F7556}") = "module", "src\shared\module\module.csproj", "{0C798052-2554-41EF-81C8-23CFC4D71990}"
EndProject
Project("{2150E333-8FDC-42A3-9474-1A3956D46DE8}") = "tools", "tools", "{E15AFB70-2E53-4D49-9E41-9FC58397484D}"
EndProject
Project("{9A19103F-16F7-4668-BE54-9A1E7A4F7556}") = "distributor", "src\tools\distributor\distributor.csproj", "{E873791F-6021-4D54-99E2-0B478D126BE0}"
EndProject
Project("{9A19103F-16F7-4668-BE54-9A1E7A4F7556}") = "mapper", "src\tools\mapper\mapper.csproj", "{1ABACABD-C42E-45EF-8108-D4470A6E9676}"
EndProject
Project("{9A19103F-16F7-4668-BE54-9A1E7A4F7556}") = "packer", "src\tools\packer\packer.csproj", "{9C38529E-F9CB-47D4-9ADC-77F8ACDE18FD}"
EndProject
Project("{9A19103F-16F7-4668-BE54-9A1E7A4F7556}") = "patcher", "src\tools\patcher\patcher.csproj", "{558E4853-61FF-4959-81A4-AB7EBD7966A8}"
EndProject
Global
	GlobalSection(SolutionConfigurationPlatforms) = preSolution
		Debug|Any CPU = Debug|Any CPU
		Release|Any CPU = Release|Any CPU
	EndGlobalSection
	GlobalSection(ProjectConfigurationPlatforms) = postSolution
		{94841293-4488-4788-A3B5-7FC7C6EEBFA2}.Debug|Any CPU.ActiveCfg = Debug|Any CPU
		{94841293-4488-4788-A3B5-7FC7C6EEBFA2}.Debug|Any CPU.Build.0 = Debug|Any CPU
		{94841293-4488-4788-A3B5-7FC7C6EEBFA2}.Release|Any CPU.ActiveCfg = Release|Any CPU
		{94841293-4488-4788-A3B5-7FC7C6EEBFA2}.Release|Any CPU.Build.0 = Release|Any CPU
		{1C0E0644-F237-444D-9493-25A06B04B83E}.Debug|Any CPU.ActiveCfg = Debug|Any CPU
		{1C0E0644-F237-444D-9493-25A06B04B83E}.Debug|Any CPU.Build.0 = Debug|Any CPU
		{1C0E0644-F237-444D-9493-25A06B04B83E}.Release|Any CPU.ActiveCfg = Release|Any CPU
		{1C0E0644-F237-444D-9493-25A06B04B83E}.Release|Any CPU.Build.0 = Release|Any CPU
		{43CAFF96-C3A7-4CBD-BA09-92B74A50CC5E}.Debug|Any CPU.ActiveCfg = Debug|Any CPU
		{43CAFF96-C3A7-4CBD-BA09-92B74A50CC5E}.Debug|Any CPU.Build.0 = Debug|Any CPU
		{43CAFF96-C3A7-4CBD-BA09-92B74A50CC5E}.Release|Any CPU.ActiveCfg = Release|Any CPU
		{43CAFF96-C3A7-4CBD-BA09-92B74A50CC5E}.Release|Any CPU.Build.0 = Release|Any CPU
		{D8976D16-B84B-4A18-920D-E09D52C0EE8B}.Debug|Any CPU.ActiveCfg = Debug|Any CPU
		{D8976D16-B84B-4A18-920D-E09D52C0EE8B}.Debug|Any CPU.Build.0 = Debug|Any CPU
		{D8976D16-B84B-4A18-920D-E09D52C0EE8B}.Release|Any CPU.ActiveCfg = Release|Any CPU
		{D8976D16-B84B-4A18-920D-E09D52C0EE8B}.Release|Any CPU.Build.0 = Release|Any CPU
		{167F9CAA-5136-4506-A851-387B296D3044}.Debug|Any CPU.ActiveCfg = Debug|Any CPU
		{167F9CAA-5136-4506-A851-387B296D3044}.Debug|Any CPU.Build.0 = Debug|Any CPU
		{167F9CAA-5136-4506-A851-387B296D3044}.Release|Any CPU.ActiveCfg = Release|Any CPU
		{167F9CAA-5136-4506-A851-387B296D3044}.Release|Any CPU.Build.0 = Release|Any CPU
		{EC0DE4E2-1291-4AEA-BB79-8D84713D96EF}.Debug|Any CPU.ActiveCfg = Debug|Any CPU
		{EC0DE4E2-1291-4AEA-BB79-8D84713D96EF}.Debug|Any CPU.Build.0 = Debug|Any CPU
		{EC0DE4E2-1291-4AEA-BB79-8D84713D96EF}.Release|Any CPU.ActiveCfg = Release|Any CPU
		{EC0DE4E2-1291-4AEA-BB79-8D84713D96EF}.Release|Any CPU.Build.0 = Release|Any CPU
		{67239942-9B50-4193-9168-FADB65A57C23}.Debug|Any CPU.ActiveCfg = Debug|Any CPU
		{67239942-9B50-4193-9168-FADB65A57C23}.Debug|Any CPU.Build.0 = Debug|Any CPU
		{67239942-9B50-4193-9168-FADB65A57C23}.Release|Any CPU.ActiveCfg = Release|Any CPU
		{67239942-9B50-4193-9168-FADB65A57C23}.Release|Any CPU.Build.0 = Release|Any CPU
		{66FE4E18-CD20-494A-BF3C-7B7179C1FEF1}.Debug|Any CPU.ActiveCfg = Debug|Any CPU
		{66FE4E18-CD20-494A-BF3C-7B7179C1FEF1}.Debug|Any CPU.Build.0 = Debug|Any CPU
		{66FE4E18-CD20-494A-BF3C-7B7179C1FEF1}.Release|Any CPU.ActiveCfg = Release|Any CPU
		{66FE4E18-CD20-494A-BF3C-7B7179C1FEF1}.Release|Any CPU.Build.0 = Release|Any CPU
		{36335427-EB3C-4F1C-A785-8DCFA779A88A}.Debug|Any CPU.ActiveCfg = Debug|Any CPU
		{36335427-EB3C-4F1C-A785-8DCFA779A88A}.Debug|Any CPU.Build.0 = Debug|Any CPU
		{36335427-EB3C-4F1C-A785-8DCFA779A88A}.Release|Any CPU.ActiveCfg = Release|Any CPU
		{36335427-EB3C-4F1C-A785-8DCFA779A88A}.Release|Any CPU.Build.0 = Release|Any CPU
		{ED347012-C5C7-4A35-9866-A6438DE1DCAF}.Debug|Any CPU.ActiveCfg = Debug|Any CPU
		{ED347012-C5C7-4A35-9866-A6438DE1DCAF}.Debug|Any CPU.Build.0 = Debug|Any CPU
		{ED347012-C5C7-4A35-9866-A6438DE1DCAF}.Release|Any CPU.ActiveCfg = Release|Any CPU
		{ED347012-C5C7-4A35-9866-A6438DE1DCAF}.Release|Any CPU.Build.0 = Release|Any CPU
		{71BDAF7D-7F0C-4A57-AE23-83F7F330C329}.Debug|Any CPU.ActiveCfg = Debug|Any CPU
		{71BDAF7D-7F0C-4A57-AE23-83F7F330C329}.Debug|Any CPU.Build.0 = Debug|Any CPU
		{71BDAF7D-7F0C-4A57-AE23-83F7F330C329}.Release|Any CPU.ActiveCfg = Release|Any CPU
		{71BDAF7D-7F0C-4A57-AE23-83F7F330C329}.Release|Any CPU.Build.0 = Release|Any CPU
		{B6C2917F-A12E-4BF0-9DF3-B7EFD256922C}.Debug|Any CPU.ActiveCfg = Debug|Any CPU
		{B6C2917F-A12E-4BF0-9DF3-B7EFD256922C}.Debug|Any CPU.Build.0 = Debug|Any CPU
		{B6C2917F-A12E-4BF0-9DF3-B7EFD256922C}.Release|Any CPU.ActiveCfg = Release|Any CPU
		{B6C2917F-A12E-4BF0-9DF3-B7EFD256922C}.Release|Any CPU.Build.0 = Release|Any CPU
		{0C798052-2554-41EF-81C8-23CFC4D71990}.Debug|Any CPU.ActiveCfg = Debug|Any CPU
		{0C798052-2554-41EF-81C8-23CFC4D71990}.Debug|Any CPU.Build.0 = Debug|Any CPU
		{0C798052-2554-41EF-81C8-23CFC4D71990}.Release|Any CPU.ActiveCfg = Release|Any CPU
		{0C798052-2554-41EF-81C8-23CFC4D71990}.Release|Any CPU.Build.0 = Release|Any CPU
		{E873791F-6021-4D54-99E2-0B478D126BE0}.Debug|Any CPU.ActiveCfg = Debug|Any CPU
		{E873791F-6021-4D54-99E2-0B478D126BE0}.Debug|Any CPU.Build.0 = Debug|Any CPU
		{E873791F-6021-4D54-99E2-0B478D126BE0}.Release|Any CPU.ActiveCfg = Release|Any CPU
		{E873791F-6021-4D54-99E2-0B478D126BE0}.Release|Any CPU.Build.0 = Release|Any CPU
		{1ABACABD-C42E-45EF-8108-D4470A6E9676}.Debug|Any CPU.ActiveCfg = Debug|Any CPU
		{1ABACABD-C42E-45EF-8108-D4470A6E9676}.Debug|Any CPU.Build.0 = Debug|Any CPU
		{1ABACABD-C42E-45EF-8108-D4470A6E9676}.Release|Any CPU.ActiveCfg = Release|Any CPU
		{1ABACABD-C42E-45EF-8108-D4470A6E9676}.Release|Any CPU.Build.0 = Release|Any CPU
		{9C38529E-F9CB-47D4-9ADC-77F8ACDE18FD}.Debug|Any CPU.ActiveCfg = Debug|Any CPU
		{9C38529E-F9CB-47D4-9ADC-77F8ACDE18FD}.Debug|Any CPU.Build.0 = Debug|Any CPU
		{9C38529E-F9CB-47D4-9ADC-77F8ACDE18FD}.Release|Any CPU.ActiveCfg = Release|Any CPU
		{9C38529E-F9CB-47D4-9ADC-77F8ACDE18FD}.Release|Any CPU.Build.0 = Release|Any CPU
		{558E4853-61FF-4959-81A4-AB7EBD7966A8}.Debug|Any CPU.ActiveCfg = Debug|Any CPU
		{558E4853-61FF-4959-81A4-AB7EBD7966A8}.Debug|Any CPU.Build.0 = Debug|Any CPU
		{558E4853-61FF-4959-81A4-AB7EBD7966A8}.Release|Any CPU.ActiveCfg = Release|Any CPU
		{558E4853-61FF-4959-81A4-AB7EBD7966A8}.Release|Any CPU.Build.0 = Release|Any CPU
	EndGlobalSection
	GlobalSection(SolutionProperties) = preSolution
		HideSolutionNode = FALSE
	EndGlobalSection
	GlobalSection(NestedProjects) = preSolution
		{D5AE5EEE-EE30-4A15-BE03-1CCE96564AF6} = {D5CCF83B-B774-4C93-B5B2-7007A5AF496E}
		{94841293-4488-4788-A3B5-7FC7C6EEBFA2} = {D5AE5EEE-EE30-4A15-BE03-1CCE96564AF6}
		{1C0E0644-F237-444D-9493-25A06B04B83E} = {D5AE5EEE-EE30-4A15-BE03-1CCE96564AF6}
		{43CAFF96-C3A7-4CBD-BA09-92B74A50CC5E} = {D5AE5EEE-EE30-4A15-BE03-1CCE96564AF6}
		{E4BE1732-5DA1-4492-87AD-8C20B7CA11FF} = {D5CCF83B-B774-4C93-B5B2-7007A5AF496E}
		{D8976D16-B84B-4A18-920D-E09D52C0EE8B} = {E4BE1732-5DA1-4492-87AD-8C20B7CA11FF}
		{167F9CAA-5136-4506-A851-387B296D3044} = {E4BE1732-5DA1-4492-87AD-8C20B7CA11FF}
		{EC0DE4E2-1291-4AEA-BB79-8D84713D96EF} = {E4BE1732-5DA1-4492-87AD-8C20B7CA11FF}
		{67239942-9B50-4193-9168-FADB65A57C23} = {E4BE1732-5DA1-4492-87AD-8C20B7CA11FF}
		{66FE4E18-CD20-494A-BF3C-7B7179C1FEF1} = {E4BE1732-5DA1-4492-87AD-8C20B7CA11FF}
		{4B0AC0F4-1179-4C6C-84F5-2FA52C5F666F} = {D5CCF83B-B774-4C93-B5B2-7007A5AF496E}
		{36335427-EB3C-4F1C-A785-8DCFA779A88A} = {4B0AC0F4-1179-4C6C-84F5-2FA52C5F666F}
		{ED347012-C5C7-4A35-9866-A6438DE1DCAF} = {4B0AC0F4-1179-4C6C-84F5-2FA52C5F666F}
		{71BDAF7D-7F0C-4A57-AE23-83F7F330C329} = {4B0AC0F4-1179-4C6C-84F5-2FA52C5F666F}
		{B6C2917F-A12E-4BF0-9DF3-B7EFD256922C} = {4B0AC0F4-1179-4C6C-84F5-2FA52C5F666F}
		{0C798052-2554-41EF-81C8-23CFC4D71990} = {4B0AC0F4-1179-4C6C-84F5-2FA52C5F666F}
		{E15AFB70-2E53-4D49-9E41-9FC58397484D} = {D5CCF83B-B774-4C93-B5B2-7007A5AF496E}
		{E873791F-6021-4D54-99E2-0B478D126BE0} = {E15AFB70-2E53-4D49-9E41-9FC58397484D}
		{1ABACABD-C42E-45EF-8108-D4470A6E9676} = {E15AFB70-2E53-4D49-9E41-9FC58397484D}
		{9C38529E-F9CB-47D4-9ADC-77F8ACDE18FD} = {E15AFB70-2E53-4D49-9E41-9FC58397484D}
		{558E4853-61FF-4959-81A4-AB7EBD7966A8} = {E15AFB70-2E53-4D49-9E41-9FC58397484D}
	EndGlobalSection
	GlobalSection(ExtensibilityGlobals) = postSolution
		SolutionGuid = {186E74EB-35E2-425F-86E1-54FAF852FE8C}
	EndGlobalSection
EndGlobal
