
Microsoft Visual Studio Solution File, Format Version 12.00
# Visual Studio Version 17
VisualStudioVersion = 17.5.002.0
MinimumVisualStudioVersion = 10.0.40219.1
Project("{2150E333-8FDC-42A3-9474-1A3956D46DE8}") = "client", "src\client", "{D2617392-4F55-4F29-A322-ABFE590403BF}"
EndProject
Project("{9A19103F-16F7-4668-BE54-9A1E7A4F7556}") = "launcher", "src\client\launcher\launcher.csproj", "{37BC18C1-E96D-41FE-AD48-0367591A2582}"
EndProject
Project("{9A19103F-16F7-4668-BE54-9A1E7A4F7556}") = "switcher", "src\client\switcher\switcher.csproj", "{9F0F43ED-7476-49E6-ABBC-64C924B577F8}"
EndProject
Project("{9A19103F-16F7-4668-BE54-9A1E7A4F7556}") = "symbiote", "src\client\symbiote\symbiote.csproj", "{852C3158-C4E8-4D7C-9EB5-119537E79F32}"
EndProject
Project("{2150E333-8FDC-42A3-9474-1A3956D46DE8}") = "server", "src\server", "{3AB23418-53EE-4428-920B-5F4205D264A6}"
EndProject
Project("{9A19103F-16F7-4668-BE54-9A1E7A4F7556}") = "daemon", "src\server\daemon\daemon.csproj", "{C80DF161-068F-4A35-98FB-B7C7E28A9755}"
EndProject
Project("{9A19103F-16F7-4668-BE54-9A1E7A4F7556}") = "scripts", "src\server\scripts\scripts.csproj", "{7C6885BC-1830-4F40-B02D-D85967BB4663}"
EndProject
Project("{9A19103F-16F7-4668-BE54-9A1E7A4F7556}") = "storage", "src\server\storage\storage.csproj", "{1B56EB57-0233-4EC2-9584-20A083D4DFAE}"
EndProject
Project("{9A19103F-16F7-4668-BE54-9A1E7A4F7556}") = "web", "src\server\web\web.csproj", "{82510626-B068-44DF-BE92-BD4E57FC4CFD}"
EndProject
Project("{9A19103F-16F7-4668-BE54-9A1E7A4F7556}") = "world", "src\server\world\world.csproj", "{18624FBC-9FAA-4F27-99C9-15989F0FC33E}"
EndProject
Project("{2150E333-8FDC-42A3-9474-1A3956D46DE8}") = "shared", "src\shared", "{2BCDA97D-9F79-4433-860F-FE3DCED95B22}"
EndProject
Project("{9A19103F-16F7-4668-BE54-9A1E7A4F7556}") = "common", "src\shared\common\common.csproj", "{5F5C35F3-8E87-4888-B355-25B6F4EAE5AD}"
EndProject
Project("{9A19103F-16F7-4668-BE54-9A1E7A4F7556}") = "core", "src\shared\core\core.csproj", "{5E52F7A9-770D-4D89-9718-9B8BC5CA07B7}"
EndProject
Project("{9A19103F-16F7-4668-BE54-9A1E7A4F7556}") = "data", "src\shared\data\data.csproj", "{9884899B-447B-4C27-A8C9-FD04416005A5}"
EndProject
Project("{9A19103F-16F7-4668-BE54-9A1E7A4F7556}") = "gateway", "src\shared\gateway\gateway.csproj", "{E6EF79F9-15C3-4FA6-B668-DE8363F396D8}"
EndProject
Project("{9A19103F-16F7-4668-BE54-9A1E7A4F7556}") = "module", "src\shared\module\module.csproj", "{7143100A-B2BD-43D5-8F1E-8E2E9DE5E61B}"
EndProject
Project("{2150E333-8FDC-42A3-9474-1A3956D46DE8}") = "tools", "src\tools", "{1D3815A0-FE91-440A-81AA-7E04CBA18AD5}"
EndProject
Project("{9A19103F-16F7-4668-BE54-9A1E7A4F7556}") = "distributor", "src\tools\distributor\distributor.csproj", "{8A336513-0E82-4016-979F-68116E81B450}"
EndProject
Project("{9A19103F-16F7-4668-BE54-9A1E7A4F7556}") = "mapper", "src\tools\mapper\mapper.csproj", "{10F6B064-8FC5-4097-828D-85F590804191}"
EndProject
Project("{9A19103F-16F7-4668-BE54-9A1E7A4F7556}") = "patcher", "src\tools\patcher\patcher.csproj", "{ED395D45-F7FE-4CD3-9D16-CD9CEE286D86}"
EndProject
Global
	GlobalSection(SolutionConfigurationPlatforms) = preSolution
		Debug|Any CPU = Debug|Any CPU
		Release|Any CPU = Release|Any CPU
	EndGlobalSection
	GlobalSection(ProjectConfigurationPlatforms) = postSolution
		{37BC18C1-E96D-41FE-AD48-0367591A2582}.Debug|Any CPU.ActiveCfg = Debug|Any CPU
		{37BC18C1-E96D-41FE-AD48-0367591A2582}.Debug|Any CPU.Build.0 = Debug|Any CPU
		{37BC18C1-E96D-41FE-AD48-0367591A2582}.Release|Any CPU.ActiveCfg = Release|Any CPU
		{37BC18C1-E96D-41FE-AD48-0367591A2582}.Release|Any CPU.Build.0 = Release|Any CPU
		{9F0F43ED-7476-49E6-ABBC-64C924B577F8}.Debug|Any CPU.ActiveCfg = Debug|Any CPU
		{9F0F43ED-7476-49E6-ABBC-64C924B577F8}.Debug|Any CPU.Build.0 = Debug|Any CPU
		{9F0F43ED-7476-49E6-ABBC-64C924B577F8}.Release|Any CPU.ActiveCfg = Release|Any CPU
		{9F0F43ED-7476-49E6-ABBC-64C924B577F8}.Release|Any CPU.Build.0 = Release|Any CPU
		{852C3158-C4E8-4D7C-9EB5-119537E79F32}.Debug|Any CPU.ActiveCfg = Debug|Any CPU
		{852C3158-C4E8-4D7C-9EB5-119537E79F32}.Debug|Any CPU.Build.0 = Debug|Any CPU
		{852C3158-C4E8-4D7C-9EB5-119537E79F32}.Release|Any CPU.ActiveCfg = Release|Any CPU
		{852C3158-C4E8-4D7C-9EB5-119537E79F32}.Release|Any CPU.Build.0 = Release|Any CPU
		{C80DF161-068F-4A35-98FB-B7C7E28A9755}.Debug|Any CPU.ActiveCfg = Debug|Any CPU
		{C80DF161-068F-4A35-98FB-B7C7E28A9755}.Debug|Any CPU.Build.0 = Debug|Any CPU
		{C80DF161-068F-4A35-98FB-B7C7E28A9755}.Release|Any CPU.ActiveCfg = Release|Any CPU
		{C80DF161-068F-4A35-98FB-B7C7E28A9755}.Release|Any CPU.Build.0 = Release|Any CPU
		{7C6885BC-1830-4F40-B02D-D85967BB4663}.Debug|Any CPU.ActiveCfg = Debug|Any CPU
		{7C6885BC-1830-4F40-B02D-D85967BB4663}.Debug|Any CPU.Build.0 = Debug|Any CPU
		{7C6885BC-1830-4F40-B02D-D85967BB4663}.Release|Any CPU.ActiveCfg = Release|Any CPU
		{7C6885BC-1830-4F40-B02D-D85967BB4663}.Release|Any CPU.Build.0 = Release|Any CPU
		{1B56EB57-0233-4EC2-9584-20A083D4DFAE}.Debug|Any CPU.ActiveCfg = Debug|Any CPU
		{1B56EB57-0233-4EC2-9584-20A083D4DFAE}.Debug|Any CPU.Build.0 = Debug|Any CPU
		{1B56EB57-0233-4EC2-9584-20A083D4DFAE}.Release|Any CPU.ActiveCfg = Release|Any CPU
		{1B56EB57-0233-4EC2-9584-20A083D4DFAE}.Release|Any CPU.Build.0 = Release|Any CPU
		{82510626-B068-44DF-BE92-BD4E57FC4CFD}.Debug|Any CPU.ActiveCfg = Debug|Any CPU
		{82510626-B068-44DF-BE92-BD4E57FC4CFD}.Debug|Any CPU.Build.0 = Debug|Any CPU
		{82510626-B068-44DF-BE92-BD4E57FC4CFD}.Release|Any CPU.ActiveCfg = Release|Any CPU
		{82510626-B068-44DF-BE92-BD4E57FC4CFD}.Release|Any CPU.Build.0 = Release|Any CPU
		{18624FBC-9FAA-4F27-99C9-15989F0FC33E}.Debug|Any CPU.ActiveCfg = Debug|Any CPU
		{18624FBC-9FAA-4F27-99C9-15989F0FC33E}.Debug|Any CPU.Build.0 = Debug|Any CPU
		{18624FBC-9FAA-4F27-99C9-15989F0FC33E}.Release|Any CPU.ActiveCfg = Release|Any CPU
		{18624FBC-9FAA-4F27-99C9-15989F0FC33E}.Release|Any CPU.Build.0 = Release|Any CPU
		{5F5C35F3-8E87-4888-B355-25B6F4EAE5AD}.Debug|Any CPU.ActiveCfg = Debug|Any CPU
		{5F5C35F3-8E87-4888-B355-25B6F4EAE5AD}.Debug|Any CPU.Build.0 = Debug|Any CPU
		{5F5C35F3-8E87-4888-B355-25B6F4EAE5AD}.Release|Any CPU.ActiveCfg = Release|Any CPU
		{5F5C35F3-8E87-4888-B355-25B6F4EAE5AD}.Release|Any CPU.Build.0 = Release|Any CPU
		{5E52F7A9-770D-4D89-9718-9B8BC5CA07B7}.Debug|Any CPU.ActiveCfg = Debug|Any CPU
		{5E52F7A9-770D-4D89-9718-9B8BC5CA07B7}.Debug|Any CPU.Build.0 = Debug|Any CPU
		{5E52F7A9-770D-4D89-9718-9B8BC5CA07B7}.Release|Any CPU.ActiveCfg = Release|Any CPU
		{5E52F7A9-770D-4D89-9718-9B8BC5CA07B7}.Release|Any CPU.Build.0 = Release|Any CPU
		{9884899B-447B-4C27-A8C9-FD04416005A5}.Debug|Any CPU.ActiveCfg = Debug|Any CPU
		{9884899B-447B-4C27-A8C9-FD04416005A5}.Debug|Any CPU.Build.0 = Debug|Any CPU
		{9884899B-447B-4C27-A8C9-FD04416005A5}.Release|Any CPU.ActiveCfg = Release|Any CPU
		{9884899B-447B-4C27-A8C9-FD04416005A5}.Release|Any CPU.Build.0 = Release|Any CPU
		{E6EF79F9-15C3-4FA6-B668-DE8363F396D8}.Debug|Any CPU.ActiveCfg = Debug|Any CPU
		{E6EF79F9-15C3-4FA6-B668-DE8363F396D8}.Debug|Any CPU.Build.0 = Debug|Any CPU
		{E6EF79F9-15C3-4FA6-B668-DE8363F396D8}.Release|Any CPU.ActiveCfg = Release|Any CPU
		{E6EF79F9-15C3-4FA6-B668-DE8363F396D8}.Release|Any CPU.Build.0 = Release|Any CPU
		{7143100A-B2BD-43D5-8F1E-8E2E9DE5E61B}.Debug|Any CPU.ActiveCfg = Debug|Any CPU
		{7143100A-B2BD-43D5-8F1E-8E2E9DE5E61B}.Debug|Any CPU.Build.0 = Debug|Any CPU
		{7143100A-B2BD-43D5-8F1E-8E2E9DE5E61B}.Release|Any CPU.ActiveCfg = Release|Any CPU
		{7143100A-B2BD-43D5-8F1E-8E2E9DE5E61B}.Release|Any CPU.Build.0 = Release|Any CPU
		{8A336513-0E82-4016-979F-68116E81B450}.Debug|Any CPU.ActiveCfg = Debug|Any CPU
		{8A336513-0E82-4016-979F-68116E81B450}.Debug|Any CPU.Build.0 = Debug|Any CPU
		{8A336513-0E82-4016-979F-68116E81B450}.Release|Any CPU.ActiveCfg = Release|Any CPU
		{8A336513-0E82-4016-979F-68116E81B450}.Release|Any CPU.Build.0 = Release|Any CPU
		{10F6B064-8FC5-4097-828D-85F590804191}.Debug|Any CPU.ActiveCfg = Debug|Any CPU
		{10F6B064-8FC5-4097-828D-85F590804191}.Debug|Any CPU.Build.0 = Debug|Any CPU
		{10F6B064-8FC5-4097-828D-85F590804191}.Release|Any CPU.ActiveCfg = Release|Any CPU
		{10F6B064-8FC5-4097-828D-85F590804191}.Release|Any CPU.Build.0 = Release|Any CPU
		{ED395D45-F7FE-4CD3-9D16-CD9CEE286D86}.Debug|Any CPU.ActiveCfg = Debug|Any CPU
		{ED395D45-F7FE-4CD3-9D16-CD9CEE286D86}.Debug|Any CPU.Build.0 = Debug|Any CPU
		{ED395D45-F7FE-4CD3-9D16-CD9CEE286D86}.Release|Any CPU.ActiveCfg = Release|Any CPU
		{ED395D45-F7FE-4CD3-9D16-CD9CEE286D86}.Release|Any CPU.Build.0 = Release|Any CPU
	EndGlobalSection
	GlobalSection(SolutionProperties) = preSolution
		HideSolutionNode = FALSE
	EndGlobalSection
	GlobalSection(NestedProjects) = preSolution
		{37BC18C1-E96D-41FE-AD48-0367591A2582} = {D2617392-4F55-4F29-A322-ABFE590403BF}
		{9F0F43ED-7476-49E6-ABBC-64C924B577F8} = {D2617392-4F55-4F29-A322-ABFE590403BF}
		{852C3158-C4E8-4D7C-9EB5-119537E79F32} = {D2617392-4F55-4F29-A322-ABFE590403BF}
		{C80DF161-068F-4A35-98FB-B7C7E28A9755} = {3AB23418-53EE-4428-920B-5F4205D264A6}
		{7C6885BC-1830-4F40-B02D-D85967BB4663} = {3AB23418-53EE-4428-920B-5F4205D264A6}
		{1B56EB57-0233-4EC2-9584-20A083D4DFAE} = {3AB23418-53EE-4428-920B-5F4205D264A6}
		{82510626-B068-44DF-BE92-BD4E57FC4CFD} = {3AB23418-53EE-4428-920B-5F4205D264A6}
		{18624FBC-9FAA-4F27-99C9-15989F0FC33E} = {3AB23418-53EE-4428-920B-5F4205D264A6}
		{5F5C35F3-8E87-4888-B355-25B6F4EAE5AD} = {2BCDA97D-9F79-4433-860F-FE3DCED95B22}
		{5E52F7A9-770D-4D89-9718-9B8BC5CA07B7} = {2BCDA97D-9F79-4433-860F-FE3DCED95B22}
		{9884899B-447B-4C27-A8C9-FD04416005A5} = {2BCDA97D-9F79-4433-860F-FE3DCED95B22}
		{E6EF79F9-15C3-4FA6-B668-DE8363F396D8} = {2BCDA97D-9F79-4433-860F-FE3DCED95B22}
		{7143100A-B2BD-43D5-8F1E-8E2E9DE5E61B} = {2BCDA97D-9F79-4433-860F-FE3DCED95B22}
		{8A336513-0E82-4016-979F-68116E81B450} = {1D3815A0-FE91-440A-81AA-7E04CBA18AD5}
		{10F6B064-8FC5-4097-828D-85F590804191} = {1D3815A0-FE91-440A-81AA-7E04CBA18AD5}
		{ED395D45-F7FE-4CD3-9D16-CD9CEE286D86} = {1D3815A0-FE91-440A-81AA-7E04CBA18AD5}
	EndGlobalSection
	GlobalSection(ExtensibilityGlobals) = postSolution
		SolutionGuid = {5D9646F4-5891-4518-AB3F-CBDB8CF1BB4B}
	EndGlobalSection
EndGlobal
