
Microsoft Visual Studio Solution File, Format Version 12.00
# Visual Studio Version 17
VisualStudioVersion = 17.5.002.0
MinimumVisualStudioVersion = 10.0.40219.1
Project("{2150E333-8FDC-42A3-9474-1A3956D46DE8}") = "client", "src\client", "{3A78EE06-FFF5-4D68-BA80-FEAA9C832CC5}"
EndProject
Project("{9A19103F-16F7-4668-BE54-9A1E7A4F7556}") = "launcher", "src\client\launcher\launcher.csproj", "{827658AE-2638-4D34-AFD5-2ABDCAE91B3C}"
EndProject
Project("{9A19103F-16F7-4668-BE54-9A1E7A4F7556}") = "switcher", "src\client\switcher\switcher.csproj", "{F4228B34-35C5-43DB-9775-7F043CCD3D77}"
EndProject
Project("{9A19103F-16F7-4668-BE54-9A1E7A4F7556}") = "symbiote", "src\client\symbiote\symbiote.csproj", "{710FE4A3-830C-426B-BD25-743002B7F998}"
EndProject
Project("{2150E333-8FDC-42A3-9474-1A3956D46DE8}") = "server", "src\server", "{EA688005-BCC7-4BEA-8126-814102756D97}"
EndProject
Project("{9A19103F-16F7-4668-BE54-9A1E7A4F7556}") = "daemon", "src\server\daemon\daemon.csproj", "{96D95572-2AE7-46E6-950C-38FA6FFA569B}"
EndProject
Project("{9A19103F-16F7-4668-BE54-9A1E7A4F7556}") = "scripts", "src\server\scripts\scripts.csproj", "{9CC64B39-0312-45C7-8389-EE62D2D10381}"
EndProject
Project("{9A19103F-16F7-4668-BE54-9A1E7A4F7556}") = "storage", "src\server\storage\storage.csproj", "{B5F989DD-9A3C-4B37-9918-A45320FA5AB5}"
EndProject
Project("{9A19103F-16F7-4668-BE54-9A1E7A4F7556}") = "web", "src\server\web\web.csproj", "{B99A5F18-7F83-4C0E-952B-5E61D7A20936}"
EndProject
Project("{9A19103F-16F7-4668-BE54-9A1E7A4F7556}") = "world", "src\server\world\world.csproj", "{883A57FB-80E6-4880-910B-8F90170D09C2}"
EndProject
Project("{2150E333-8FDC-42A3-9474-1A3956D46DE8}") = "shared", "src\shared", "{879AFA87-F61E-4497-B171-A28246DA07E4}"
EndProject
Project("{9A19103F-16F7-4668-BE54-9A1E7A4F7556}") = "common", "src\shared\common\common.csproj", "{DA979590-8F21-4080-997B-A8459191D1F1}"
EndProject
Project("{9A19103F-16F7-4668-BE54-9A1E7A4F7556}") = "core", "src\shared\core\core.csproj", "{225E0AD3-CB3E-4103-99F9-4B2E1F441CCA}"
EndProject
Project("{9A19103F-16F7-4668-BE54-9A1E7A4F7556}") = "data", "src\shared\data\data.csproj", "{1095B11C-89AE-46B5-A61E-FEB7D28C83A4}"
EndProject
Project("{9A19103F-16F7-4668-BE54-9A1E7A4F7556}") = "module", "src\shared\module\module.csproj", "{C8F4AA3E-F885-4A6B-9C9F-DDF62DF871AE}"
EndProject
Project("{2150E333-8FDC-42A3-9474-1A3956D46DE8}") = "tools", "src\tools", "{B843E115-677D-479B-B4BA-40475049A597}"
EndProject
Project("{9A19103F-16F7-4668-BE54-9A1E7A4F7556}") = "distributor", "src\tools\distributor\distributor.csproj", "{EA25CB33-142D-4E98-8316-FA9F1C53C652}"
EndProject
Project("{9A19103F-16F7-4668-BE54-9A1E7A4F7556}") = "patcher", "src\tools\patcher\patcher.csproj", "{C864D755-6F5A-48E6-80DF-A9CD17634788}"
EndProject
Global
	GlobalSection(SolutionConfigurationPlatforms) = preSolution
		Debug|Any CPU = Debug|Any CPU
		Release|Any CPU = Release|Any CPU
	EndGlobalSection
	GlobalSection(ProjectConfigurationPlatforms) = postSolution
		{827658AE-2638-4D34-AFD5-2ABDCAE91B3C}.Debug|Any CPU.ActiveCfg = Debug|Any CPU
		{827658AE-2638-4D34-AFD5-2ABDCAE91B3C}.Debug|Any CPU.Build.0 = Debug|Any CPU
		{827658AE-2638-4D34-AFD5-2ABDCAE91B3C}.Release|Any CPU.ActiveCfg = Release|Any CPU
		{827658AE-2638-4D34-AFD5-2ABDCAE91B3C}.Release|Any CPU.Build.0 = Release|Any CPU
		{F4228B34-35C5-43DB-9775-7F043CCD3D77}.Debug|Any CPU.ActiveCfg = Debug|Any CPU
		{F4228B34-35C5-43DB-9775-7F043CCD3D77}.Debug|Any CPU.Build.0 = Debug|Any CPU
		{F4228B34-35C5-43DB-9775-7F043CCD3D77}.Release|Any CPU.ActiveCfg = Release|Any CPU
		{F4228B34-35C5-43DB-9775-7F043CCD3D77}.Release|Any CPU.Build.0 = Release|Any CPU
		{710FE4A3-830C-426B-BD25-743002B7F998}.Debug|Any CPU.ActiveCfg = Debug|Any CPU
		{710FE4A3-830C-426B-BD25-743002B7F998}.Debug|Any CPU.Build.0 = Debug|Any CPU
		{710FE4A3-830C-426B-BD25-743002B7F998}.Release|Any CPU.ActiveCfg = Release|Any CPU
		{710FE4A3-830C-426B-BD25-743002B7F998}.Release|Any CPU.Build.0 = Release|Any CPU
		{96D95572-2AE7-46E6-950C-38FA6FFA569B}.Debug|Any CPU.ActiveCfg = Debug|Any CPU
		{96D95572-2AE7-46E6-950C-38FA6FFA569B}.Debug|Any CPU.Build.0 = Debug|Any CPU
		{96D95572-2AE7-46E6-950C-38FA6FFA569B}.Release|Any CPU.ActiveCfg = Release|Any CPU
		{96D95572-2AE7-46E6-950C-38FA6FFA569B}.Release|Any CPU.Build.0 = Release|Any CPU
		{9CC64B39-0312-45C7-8389-EE62D2D10381}.Debug|Any CPU.ActiveCfg = Debug|Any CPU
		{9CC64B39-0312-45C7-8389-EE62D2D10381}.Debug|Any CPU.Build.0 = Debug|Any CPU
		{9CC64B39-0312-45C7-8389-EE62D2D10381}.Release|Any CPU.ActiveCfg = Release|Any CPU
		{9CC64B39-0312-45C7-8389-EE62D2D10381}.Release|Any CPU.Build.0 = Release|Any CPU
		{B5F989DD-9A3C-4B37-9918-A45320FA5AB5}.Debug|Any CPU.ActiveCfg = Debug|Any CPU
		{B5F989DD-9A3C-4B37-9918-A45320FA5AB5}.Debug|Any CPU.Build.0 = Debug|Any CPU
		{B5F989DD-9A3C-4B37-9918-A45320FA5AB5}.Release|Any CPU.ActiveCfg = Release|Any CPU
		{B5F989DD-9A3C-4B37-9918-A45320FA5AB5}.Release|Any CPU.Build.0 = Release|Any CPU
		{B99A5F18-7F83-4C0E-952B-5E61D7A20936}.Debug|Any CPU.ActiveCfg = Debug|Any CPU
		{B99A5F18-7F83-4C0E-952B-5E61D7A20936}.Debug|Any CPU.Build.0 = Debug|Any CPU
		{B99A5F18-7F83-4C0E-952B-5E61D7A20936}.Release|Any CPU.ActiveCfg = Release|Any CPU
		{B99A5F18-7F83-4C0E-952B-5E61D7A20936}.Release|Any CPU.Build.0 = Release|Any CPU
		{883A57FB-80E6-4880-910B-8F90170D09C2}.Debug|Any CPU.ActiveCfg = Debug|Any CPU
		{883A57FB-80E6-4880-910B-8F90170D09C2}.Debug|Any CPU.Build.0 = Debug|Any CPU
		{883A57FB-80E6-4880-910B-8F90170D09C2}.Release|Any CPU.ActiveCfg = Release|Any CPU
		{883A57FB-80E6-4880-910B-8F90170D09C2}.Release|Any CPU.Build.0 = Release|Any CPU
		{DA979590-8F21-4080-997B-A8459191D1F1}.Debug|Any CPU.ActiveCfg = Debug|Any CPU
		{DA979590-8F21-4080-997B-A8459191D1F1}.Debug|Any CPU.Build.0 = Debug|Any CPU
		{DA979590-8F21-4080-997B-A8459191D1F1}.Release|Any CPU.ActiveCfg = Release|Any CPU
		{DA979590-8F21-4080-997B-A8459191D1F1}.Release|Any CPU.Build.0 = Release|Any CPU
		{225E0AD3-CB3E-4103-99F9-4B2E1F441CCA}.Debug|Any CPU.ActiveCfg = Debug|Any CPU
		{225E0AD3-CB3E-4103-99F9-4B2E1F441CCA}.Debug|Any CPU.Build.0 = Debug|Any CPU
		{225E0AD3-CB3E-4103-99F9-4B2E1F441CCA}.Release|Any CPU.ActiveCfg = Release|Any CPU
		{225E0AD3-CB3E-4103-99F9-4B2E1F441CCA}.Release|Any CPU.Build.0 = Release|Any CPU
		{1095B11C-89AE-46B5-A61E-FEB7D28C83A4}.Debug|Any CPU.ActiveCfg = Debug|Any CPU
		{1095B11C-89AE-46B5-A61E-FEB7D28C83A4}.Debug|Any CPU.Build.0 = Debug|Any CPU
		{1095B11C-89AE-46B5-A61E-FEB7D28C83A4}.Release|Any CPU.ActiveCfg = Release|Any CPU
		{1095B11C-89AE-46B5-A61E-FEB7D28C83A4}.Release|Any CPU.Build.0 = Release|Any CPU
		{C8F4AA3E-F885-4A6B-9C9F-DDF62DF871AE}.Debug|Any CPU.ActiveCfg = Debug|Any CPU
		{C8F4AA3E-F885-4A6B-9C9F-DDF62DF871AE}.Debug|Any CPU.Build.0 = Debug|Any CPU
		{C8F4AA3E-F885-4A6B-9C9F-DDF62DF871AE}.Release|Any CPU.ActiveCfg = Release|Any CPU
		{C8F4AA3E-F885-4A6B-9C9F-DDF62DF871AE}.Release|Any CPU.Build.0 = Release|Any CPU
		{EA25CB33-142D-4E98-8316-FA9F1C53C652}.Debug|Any CPU.ActiveCfg = Debug|Any CPU
		{EA25CB33-142D-4E98-8316-FA9F1C53C652}.Debug|Any CPU.Build.0 = Debug|Any CPU
		{EA25CB33-142D-4E98-8316-FA9F1C53C652}.Release|Any CPU.ActiveCfg = Release|Any CPU
		{EA25CB33-142D-4E98-8316-FA9F1C53C652}.Release|Any CPU.Build.0 = Release|Any CPU
		{C864D755-6F5A-48E6-80DF-A9CD17634788}.Debug|Any CPU.ActiveCfg = Debug|Any CPU
		{C864D755-6F5A-48E6-80DF-A9CD17634788}.Debug|Any CPU.Build.0 = Debug|Any CPU
		{C864D755-6F5A-48E6-80DF-A9CD17634788}.Release|Any CPU.ActiveCfg = Release|Any CPU
		{C864D755-6F5A-48E6-80DF-A9CD17634788}.Release|Any CPU.Build.0 = Release|Any CPU
	EndGlobalSection
	GlobalSection(SolutionProperties) = preSolution
		HideSolutionNode = FALSE
	EndGlobalSection
	GlobalSection(NestedProjects) = preSolution
		{827658AE-2638-4D34-AFD5-2ABDCAE91B3C} = {3A78EE06-FFF5-4D68-BA80-FEAA9C832CC5}
		{F4228B34-35C5-43DB-9775-7F043CCD3D77} = {3A78EE06-FFF5-4D68-BA80-FEAA9C832CC5}
		{710FE4A3-830C-426B-BD25-743002B7F998} = {3A78EE06-FFF5-4D68-BA80-FEAA9C832CC5}
		{96D95572-2AE7-46E6-950C-38FA6FFA569B} = {EA688005-BCC7-4BEA-8126-814102756D97}
		{9CC64B39-0312-45C7-8389-EE62D2D10381} = {EA688005-BCC7-4BEA-8126-814102756D97}
		{B5F989DD-9A3C-4B37-9918-A45320FA5AB5} = {EA688005-BCC7-4BEA-8126-814102756D97}
		{B99A5F18-7F83-4C0E-952B-5E61D7A20936} = {EA688005-BCC7-4BEA-8126-814102756D97}
		{883A57FB-80E6-4880-910B-8F90170D09C2} = {EA688005-BCC7-4BEA-8126-814102756D97}
		{DA979590-8F21-4080-997B-A8459191D1F1} = {879AFA87-F61E-4497-B171-A28246DA07E4}
		{225E0AD3-CB3E-4103-99F9-4B2E1F441CCA} = {879AFA87-F61E-4497-B171-A28246DA07E4}
		{1095B11C-89AE-46B5-A61E-FEB7D28C83A4} = {879AFA87-F61E-4497-B171-A28246DA07E4}
		{C8F4AA3E-F885-4A6B-9C9F-DDF62DF871AE} = {879AFA87-F61E-4497-B171-A28246DA07E4}
		{EA25CB33-142D-4E98-8316-FA9F1C53C652} = {B843E115-677D-479B-B4BA-40475049A597}
		{C864D755-6F5A-48E6-80DF-A9CD17634788} = {B843E115-677D-479B-B4BA-40475049A597}
	EndGlobalSection
	GlobalSection(ExtensibilityGlobals) = postSolution
		SolutionGuid = {F08FD23F-512E-430A-ACF5-1D870687381C}
	EndGlobalSection
EndGlobal
